{
  "object": {
    "pins": [
      {
        "package": "Chronicle",
        "repositoryURL": "https://github.com/0xLeif/Chronicle",
        "state": {
          "branch": null,
          "revision": "5d5e80f63943969eb2c33d686958b3938536a455",
          "version": "0.2.3"
        }
      },
      {
        "package": "SwiftFu",
        "repositoryURL": "https://github.com/0xLet/SwiftFu",
        "state": {
          "branch": null,
          "revision": "c92aa02dc56c0370cdc989881fa5873b00f5f756",
          "version": "1.0.0"
        }
      }
    ]
  },
  "version": 1
}
